{
  "name": "datamegh",
  "version": "1.0.0-alpha.1",
  "lockfileVersion": 1,
  "requires": true,
  "dependencies": {
    "pyright": {
      "version": "1.1.21",
      "resolved": "https://registry.npmjs.org/pyright/-/pyright-1.1.21.tgz",
      "integrity": "sha512-PrB96ITgCQ7SExgiiFbhJWQdum3PWtn43s26Gens26BGUzM1XSOvwQ8Uqxeal+kgufe4wxhZOQHZTJ4Eg7CdhQ=="
    }
  }
}
